
Microsoft Visual Studio Solution File, Format Version 12.00
# Visual Studio Version 17
VisualStudioVersion = 17.1.32210.238
MinimumVisualStudioVersion = 10.0.40219.1
Project("{FAE04EC0-301F-11D3-BF4B-00C04F79EFBC}") = "Patterns-10", "Patterns-10\Patterns-10.csproj", "{832C8CE3-7338-4CDD-81B9-CB2F261AFCE2}"
EndProject
Global
	GlobalSection(SolutionConfigurationPlatforms) = preSolution
		Debug|Any CPU = Debug|Any CPU
		Release|Any CPU = Release|Any CPU
	EndGlobalSection
	GlobalSection(ProjectConfigurationPlatforms) = postSolution
		{832C8CE3-7338-4CDD-81B9-CB2F261AFCE2}.Debug|Any CPU.ActiveCfg = Debug|Any CPU
		{832C8CE3-7338-4CDD-81B9-CB2F261AFCE2}.Debug|Any CPU.Build.0 = Debug|Any CPU
		{832C8CE3-7338-4CDD-81B9-CB2F261AFCE2}.Release|Any CPU.ActiveCfg = Release|Any CPU
		{832C8CE3-7338-4CDD-81B9-CB2F261AFCE2}.Release|Any CPU.Build.0 = Release|Any CPU
	EndGlobalSection
	GlobalSection(SolutionProperties) = preSolution
		HideSolutionNode = FALSE
	EndGlobalSection
	GlobalSection(ExtensibilityGlobals) = postSolution
		SolutionGuid = {B48F0146-F69C-4A20-AB1C-0698509AB638}
	EndGlobalSection
EndGlobal
